
Microsoft Visual Studio Solution File, Format Version 12.00
# Visual Studio Version 17
VisualStudioVersion = 17.0.31903.59
MinimumVisualStudioVersion = 10.0.40219.1
Project("{FAE04EC0-301F-11D3-BF4B-00C04F79EFBC}") = "Order Tracking", "OrderTracking.csproj", "{3A3F6412-B7F2-490C-8BEF-2890CD04BAB9}"
EndProject
Project("{2150E333-8FDC-42A3-9474-1A3956D46DE8}") = "tests", "tests", "{790D61A3-21CF-430D-9340-83A5A4063D92}"
EndProject
Project("{FAE04EC0-301F-11D3-BF4B-00C04F79EFBC}") = "OrderTracking.Tests", "tests\OrderTracking.Tests\OrderTracking.Tests.csproj", "{5C691FED-6640-4C27-B807-F62ADF6D925F}"
EndProject
Project("{FAE04EC0-301F-11D3-BF4B-00C04F79EFBC}") = "OrderTracking.Domain", "Domain\OrderTracking.Domain.csproj", "{E2F8ACF8-5C3F-4CC7-9B82-4531EE997C0A}"
EndProject
Project("{FAE04EC0-301F-11D3-BF4B-00C04F79EFBC}") = "OrderTracking.Application", "Application\OrderTracking.Application.csproj", "{031EBFAA-AEE1-4F74-BD2E-DB9717833259}"
EndProject
Project("{FAE04EC0-301F-11D3-BF4B-00C04F79EFBC}") = "OrderTracking.Infrastructure", "Infrastructure\OrderTracking.Infrastructure.csproj", "{BE83C958-12A5-4FE3-B9DC-896A0F239581}"
EndProject
Global
	GlobalSection(SolutionConfigurationPlatforms) = preSolution
		Debug|Any CPU = Debug|Any CPU
		Release|Any CPU = Release|Any CPU
	EndGlobalSection
	GlobalSection(SolutionProperties) = preSolution
		HideSolutionNode = FALSE
	EndGlobalSection
	GlobalSection(ProjectConfigurationPlatforms) = postSolution
		{3A3F6412-B7F2-490C-8BEF-2890CD04BAB9}.Debug|Any CPU.ActiveCfg = Debug|Any CPU
		{3A3F6412-B7F2-490C-8BEF-2890CD04BAB9}.Debug|Any CPU.Build.0 = Debug|Any CPU
		{3A3F6412-B7F2-490C-8BEF-2890CD04BAB9}.Release|Any CPU.ActiveCfg = Release|Any CPU
		{3A3F6412-B7F2-490C-8BEF-2890CD04BAB9}.Release|Any CPU.Build.0 = Release|Any CPU
		{5C691FED-6640-4C27-B807-F62ADF6D925F}.Debug|Any CPU.ActiveCfg = Debug|Any CPU
		{5C691FED-6640-4C27-B807-F62ADF6D925F}.Debug|Any CPU.Build.0 = Debug|Any CPU
		{5C691FED-6640-4C27-B807-F62ADF6D925F}.Release|Any CPU.ActiveCfg = Release|Any CPU
		{5C691FED-6640-4C27-B807-F62ADF6D925F}.Release|Any CPU.Build.0 = Release|Any CPU
		{E2F8ACF8-5C3F-4CC7-9B82-4531EE997C0A}.Debug|Any CPU.ActiveCfg = Debug|Any CPU
		{E2F8ACF8-5C3F-4CC7-9B82-4531EE997C0A}.Debug|Any CPU.Build.0 = Debug|Any CPU
		{E2F8ACF8-5C3F-4CC7-9B82-4531EE997C0A}.Release|Any CPU.ActiveCfg = Release|Any CPU
		{E2F8ACF8-5C3F-4CC7-9B82-4531EE997C0A}.Release|Any CPU.Build.0 = Release|Any CPU
		{031EBFAA-AEE1-4F74-BD2E-DB9717833259}.Debug|Any CPU.ActiveCfg = Debug|Any CPU
		{031EBFAA-AEE1-4F74-BD2E-DB9717833259}.Debug|Any CPU.Build.0 = Debug|Any CPU
		{031EBFAA-AEE1-4F74-BD2E-DB9717833259}.Release|Any CPU.ActiveCfg = Release|Any CPU
		{031EBFAA-AEE1-4F74-BD2E-DB9717833259}.Release|Any CPU.Build.0 = Release|Any CPU
		{BE83C958-12A5-4FE3-B9DC-896A0F239581}.Debug|Any CPU.ActiveCfg = Debug|Any CPU
		{BE83C958-12A5-4FE3-B9DC-896A0F239581}.Debug|Any CPU.Build.0 = Debug|Any CPU
		{BE83C958-12A5-4FE3-B9DC-896A0F239581}.Release|Any CPU.ActiveCfg = Release|Any CPU
		{BE83C958-12A5-4FE3-B9DC-896A0F239581}.Release|Any CPU.Build.0 = Release|Any CPU
	EndGlobalSection
	GlobalSection(NestedProjects) = preSolution
		{5C691FED-6640-4C27-B807-F62ADF6D925F} = {790D61A3-21CF-430D-9340-83A5A4063D92}
	EndGlobalSection
EndGlobal
